lockfileVersion: '6.0'

settings:
  autoInstallPeers: true
  excludeLinksFromLockfile: false

dependencies:
  '@trpc/client':
    specifier: ^10.37.1
    version: 10.37.1(@trpc/server@10.37.1)
  '@trpc/server':
    specifier: ^10.37.1
    version: 10.37.1
  valibot:
    specifier: ^0.13.1
    version: 0.13.1

devDependencies:
  typescript:
    specifier: ^5.1.6
    version: 5.1.6

packages:

  /@trpc/client@10.37.1(@trpc/server@10.37.1):
    resolution: {integrity: sha512-OSblNfeI0Z9ERn3usgLV2x63CwwPoNOHf1FQK85cOT7F8MNaWyEHoEv7tHUwNGJwyzKXmpU+ockZ0movzX3D0g==}
    peerDependencies:
      '@trpc/server': 10.37.1
    dependencies:
      '@trpc/server': 10.37.1
    dev: false

  /@trpc/server@10.37.1:
    resolution: {integrity: sha512-r3VeA319/braYMBIzj+XLgLKQ9lJSVglvPvP9HUv4kr5w6Y5grQMxMcExhTiZWltE9bnSJHKtBBzHafOo7KC8A==}
    dev: false

  /typescript@5.1.6:
    resolution: {integrity: sha512-zaWCozRZ6DLEWAWFrVDz1H6FVXzUSfTy5FUMWsQlU8Ym5JP9eO4xkTIROFCQvhQf61z6O/G6ugw3SgAnvvm+HA==}
    engines: {node: '>=14.17'}
    hasBin: true
    dev: true

  /valibot@0.13.1:
    resolution: {integrity: sha512-SG2W1RHqE2LShl3p6tyERt6I+G6PQa9ZFVfkyNKXz01HBzL+tBeH5kXw/5AQeAzPJSjI3djVGBl1CyozA1kyBQ==}
    dev: false
